// !$*UTF8*$!
{
	archiveVersion = 1;
	classes = {
	};
	objectVersion = 48;
	objects = {

/* Begin PBXBuildFile section */
		B71D559D204F322A0095A048 /* AppDelegate.swift in Sources */ = {isa = PBXBuildFile; fileRef = B71D559C204F322A0095A048 /* AppDelegate.swift */; };
		B71D559F204F322A0095A048 /* ViewController.swift in Sources */ = {isa = PBXBuildFile; fileRef = B71D559E204F322A0095A048 /* ViewController.swift */; };
		B71D55A2204F322A0095A048 /* Main.storyboard in Resources */ = {isa = PBXBuildFile; fileRef = B71D55A0204F322A0095A048 /* Main.storyboard */; };
		B71D55A5204F322A0095A048 /* Musicdata.xcdatamodeld in Sources */ = {isa = PBXBuildFile; fileRef = B71D55A3204F322A0095A048 /* Musicdata.xcdatamodeld */; };
		B71D55A7204F322A0095A048 /* Assets.xcassets in Resources */ = {isa = PBXBuildFile; fileRef = B71D55A6204F322A0095A048 /* Assets.xcassets */; };
		B71D55AA204F322A0095A048 /* LaunchScreen.storyboard in Resources */ = {isa = PBXBuildFile; fileRef = B71D55A8204F322A0095A048 /* LaunchScreen.storyboard */; };
		B71D55B1204F353E0095A048 /* Alamofire.framework in Frameworks */ = {isa = PBXBuildFile; fileRef = B71D55B3204F353E0095A048 /* Alamofire.framework */; };
		B71D55B2204F353E0095A048 /* AlamofireImage.framework in Frameworks */ = {isa = PBXBuildFile; fileRef = B71D55B4204F353E0095A048 /* AlamofireImage.framework */; };
		B71D55B6204F39070095A048 /* TableViewCell.swift in Sources */ = {isa = PBXBuildFile; fileRef = B71D55B5204F39070095A048 /* TableViewCell.swift */; };
		B71D55B7204F3DC10095A048 /* SwiftyJSON.framework in Frameworks */ = {isa = PBXBuildFile; fileRef = B71D55B8204F3DC10095A048 /* SwiftyJSON.framework */; };
		B71D55BA204F66F10095A048 /* DetailsVC.swift in Sources */ = {isa = PBXBuildFile; fileRef = B71D55B9204F66F10095A048 /* DetailsVC.swift */; };
		DE57AAAC35DBF2F53BB80063 /* Pods_Musicdata.framework in Frameworks */ = {isa = PBXBuildFile; fileRef = 6A7E1C36A373A1A67B6371A6 /* Pods_Musicdata.framework */; };
/* End PBXBuildFile section */

/* Begin PBXFileReference section */
		66E0C9837081C26CBFB78F81 /* Pods-Musicdata.release.xcconfig */ = {isa = PBXFileReference; includeInIndex = 1; lastKnownFileType = text.xcconfig; name = "Pods-Musicdata.release.xcconfig"; path = "Pods/Target Support Files/Pods-Musicdata/Pods-Musicdata.release.xcconfig"; sourceTree = "<group>"; };
		6A7E1C36A373A1A67B6371A6 /* Pods_Musicdata.framework */ = {isa = PBXFileReference; explicitFileType = wrapper.framework; includeInIndex = 0; path = Pods_Musicdata.framework; sourceTree = BUILT_PRODUCTS_DIR; };
		B71D5599204F322A0095A048 /* Musicdata.app */ = {isa = PBXFileReference; explicitFileType = wrapper.application; includeInIndex = 0; path = Musicdata.app; sourceTree = BUILT_PRODUCTS_DIR; };
		B71D559C204F322A0095A048 /* AppDelegate.swift */ = {isa = PBXFileReference; lastKnownFileType = sourcecode.swift; path = AppDelegate.swift; sourceTree = "<group>"; };
		B71D559E204F322A0095A048 /* ViewController.swift */ = {isa = PBXFileReference; lastKnownFileType = sourcecode.swift; path = ViewController.swift; sourceTree = "<group>"; };
		B71D55A1204F322A0095A048 /* Base */ = {isa = PBXFileReference; lastKnownFileType = file.storyboard; name = Base; path = Base.lproj/Main.storyboard; sourceTree = "<group>"; };
		B71D55A4204F322A0095A048 /* Musicdata.xcdatamodel */ = {isa = PBXFileReference; lastKnownFileType = wrapper.xcdatamodel; path = Musicdata.xcdatamodel; sourceTree = "<group>"; };
		B71D55A6204F322A0095A048 /* Assets.xcassets */ = {isa = PBXFileReference; lastKnownFileType = folder.assetcatalog; path = Assets.xcassets; sourceTree = "<group>"; };
		B71D55A9204F322A0095A048 /* Base */ = {isa = PBXFileReference; lastKnownFileType = file.storyboard; name = Base; path = Base.lproj/LaunchScreen.storyboard; sourceTree = "<group>"; };
		B71D55AB204F322A0095A048 /* Info.plist */ = {isa = PBXFileReference; lastKnownFileType = text.plist.xml; path = Info.plist; sourceTree = "<group>"; };
		B71D55B3204F353E0095A048 /* Alamofire.framework */ = {isa = PBXFileReference; explicitFileType = wrapper.framework; path = Alamofire.framework; sourceTree = BUILT_PRODUCTS_DIR; };
		B71D55B4204F353E0095A048 /* AlamofireImage.framework */ = {isa = PBXFileReference; explicitFileType = wrapper.framework; path = AlamofireImage.framework; sourceTree = BUILT_PRODUCTS_DIR; };
		B71D55B5204F39070095A048 /* TableViewCell.swift */ = {isa = PBXFileReference; lastKnownFileType = sourcecode.swift; path = TableViewCell.swift; sourceTree = "<group>"; };
		B71D55B8204F3DC10095A048 /* SwiftyJSON.framework */ = {isa = PBXFileReference; explicitFileType = wrapper.framework; path = SwiftyJSON.framework; sourceTree = BUILT_PRODUCTS_DIR; };
		B71D55B9204F66F10095A048 /* DetailsVC.swift */ = {isa = PBXFileReference; lastKnownFileType = sourcecode.swift; path = DetailsVC.swift; sourceTree = "<group>"; };
		C7F00E271BEE67CFA750E365 /* Pods-Musicdata.debug.xcconfig */ = {isa = PBXFileReference; includeInIndex = 1; lastKnownFileType = text.xcconfig; name = "Pods-Musicdata.debug.xcconfig"; path = "Pods/Target Support Files/Pods-Musicdata/Pods-Musicdata.debug.xcconfig"; sourceTree = "<group>"; };
/* End PBXFileReference section */

/* Begin PBXFrameworksBuildPhase section */
		B71D5596204F322A0095A048 /* Frameworks */ = {
			isa = PBXFrameworksBuildPhase;
			buildActionMask = 2147483647;
			files = (
				B71D55B7204F3DC10095A048 /* SwiftyJSON.framework in Frameworks */,
				B71D55B1204F353E0095A048 /* Alamofire.framework in Frameworks */,
				B71D55B2204F353E0095A048 /* AlamofireImage.framework in Frameworks */,
				DE57AAAC35DBF2F53BB80063 /* Pods_Musicdata.framework in Frameworks */,
			);
			runOnlyForDeploymentPostprocessing = 0;
		};
/* End PBXFrameworksBuildPhase section */

/* Begin PBXGroup section */
		0BC255C4C19A64434C261375 /* Pods */ = {
			isa = PBXGroup;
			children = (
				C7F00E271BEE67CFA750E365 /* Pods-Musicdata.debug.xcconfig */,
				66E0C9837081C26CBFB78F81 /* Pods-Musicdata.release.xcconfig */,
			);
			name = Pods;
			sourceTree = "<group>";
		};
		8D78F8835260FDF4C78EA6AE /* Frameworks */ = {
			isa = PBXGroup;
			children = (
				B71D55B8204F3DC10095A048 /* SwiftyJSON.framework */,
				B71D55B3204F353E0095A048 /* Alamofire.framework */,
				B71D55B4204F353E0095A048 /* AlamofireImage.framework */,
				6A7E1C36A373A1A67B6371A6 /* Pods_Musicdata.framework */,
			);
			name = Frameworks;
			sourceTree = "<group>";
		};
		B71D5590204F322A0095A048 = {
			isa = PBXGroup;
			children = (
				B71D559B204F322A0095A048 /* Musicdata */,
				B71D559A204F322A0095A048 /* Products */,
				0BC255C4C19A64434C261375 /* Pods */,
				8D78F8835260FDF4C78EA6AE /* Frameworks */,
			);
			sourceTree = "<group>";
		};
		B71D559A204F322A0095A048 /* Products */ = {
			isa = PBXGroup;
			children = (
				B71D5599204F322A0095A048 /* Musicdata.app */,
			);
			name = Products;
			sourceTree = "<group>";
		};
		B71D559B204F322A0095A048 /* Musicdata */ = {
			isa = PBXGroup;
			children = (
				B71D559C204F322A0095A048 /* AppDelegate.swift */,
				B71D559E204F322A0095A048 /* ViewController.swift */,
				B71D55A0204F322A0095A048 /* Main.storyboard */,
				B71D55A6204F322A0095A048 /* Assets.xcassets */,
				B71D55A8204F322A0095A048 /* LaunchScreen.storyboard */,
				B71D55AB204F322A0095A048 /* Info.plist */,
				B71D55A3204F322A0095A048 /* Musicdata.xcdatamodeld */,
				B71D55B5204F39070095A048 /* TableViewCell.swift */,
				B71D55B9204F66F10095A048 /* DetailsVC.swift */,
			);
			path = Musicdata;
			sourceTree = "<group>";
		};
/* End PBXGroup section */

/* Begin PBXNativeTarget section */
		B71D5598204F322A0095A048 /* Musicdata */ = {
			isa = PBXNativeTarget;
			buildConfigurationList = B71D55AE204F322A0095A048 /* Build configuration list for PBXNativeTarget "Musicdata" */;
			buildPhases = (
				8356AF4058866E87FD285BF1 /* [CP] Check Pods Manifest.lock */,
				B71D5595204F322A0095A048 /* Sources */,
				B71D5596204F322A0095A048 /* Frameworks */,
				B71D5597204F322A0095A048 /* Resources */,
				BA20A3847B21DADAA52C6983 /* [CP] Embed Pods Frameworks */,
				0115406DECA9034CC2A82BD7 /* [CP] Copy Pods Resources */,
			);
			buildRules = (
			);
			dependencies = (
			);
			name = Musicdata;
			productName = Musicdata;
			productReference = B71D5599204F322A0095A048 /* Musicdata.app */;
			productType = "com.apple.product-type.application";
		};
/* End PBXNativeTarget section */

/* Begin PBXProject section */
		B71D5591204F322A0095A048 /* Project object */ = {
			isa = PBXProject;
			attributes = {
				LastSwiftUpdateCheck = 0900;
				LastUpgradeCheck = 0900;
				ORGANIZATIONNAME = "Teja PV";
				TargetAttributes = {
					B71D5598204F322A0095A048 = {
						CreatedOnToolsVersion = 9.0.1;
						ProvisioningStyle = Automatic;
					};
				};
			};
			buildConfigurationList = B71D5594204F322A0095A048 /* Build configuration list for PBXProject "Musicdata" */;
			compatibilityVersion = "Xcode 8.0";
			developmentRegion = en;
			hasScannedForEncodings = 0;
			knownRegions = (
				en,
				Base,
			);
			mainGroup = B71D5590204F322A0095A048;
			productRefGroup = B71D559A204F322A0095A048 /* Products */;
			projectDirPath = "";
			projectRoot = "";
			targets = (
				B71D5598204F322A0095A048 /* Musicdata */,
			);
		};
/* End PBXProject section */

/* Begin PBXResourcesBuildPhase section */
		B71D5597204F322A0095A048 /* Resources */ = {
			isa = PBXResourcesBuildPhase;
			buildActionMask = 2147483647;
			files = (
				B71D55AA204F322A0095A048 /* LaunchScreen.storyboard in Resources */,
				B71D55A7204F322A0095A048 /* Assets.xcassets in Resources */,
				B71D55A2204F322A0095A048 /* Main.storyboard in Resources */,
			);
			runOnlyForDeploymentPostprocessing = 0;
		};
/* End PBXResourcesBuildPhase section */

/* Begin PBXShellScriptBuildPhase section */
		0115406DECA9034CC2A82BD7 /* [CP] Copy Pods Resources */ = {
			isa = PBXShellScriptBuildPhase;
			buildActionMask = 2147483647;
			files = (
			);
			inputPaths = (
			);
			name = "[CP] Copy Pods Resources";
			outputPaths = (
			);
			runOnlyForDeploymentPostprocessing = 0;
			shellPath = /bin/sh;
			shellScript = "\"${SRCROOT}/Pods/Target Support Files/Pods-Musicdata/Pods-Musicdata-resources.sh\"\n";
			showEnvVarsInLog = 0;
		};
		8356AF4058866E87FD285BF1 /* [CP] Check Pods Manifest.lock */ = {
			isa = PBXShellScriptBuildPhase;
			buildActionMask = 2147483647;
			files = (
			);
			inputPaths = (
				"${PODS_PODFILE_DIR_PATH}/Podfile.lock",
				"${PODS_ROOT}/Manifest.lock",
			);
			name = "[CP] Check Pods Manifest.lock";
			outputPaths = (
				"$(DERIVED_FILE_DIR)/Pods-Musicdata-checkManifestLockResult.txt",
			);
			runOnlyForDeploymentPostprocessing = 0;
			shellPath = /bin/sh;
			shellScript = "diff \"${PODS_PODFILE_DIR_PATH}/Podfile.lock\" \"${PODS_ROOT}/Manifest.lock\" > /dev/null\nif [ $? != 0 ] ; then\n    # print error to STDERR\n    echo \"error: The sandbox is not in sync with the Podfile.lock. Run 'pod install' or update your CocoaPods installation.\" >&2\n    exit 1\nfi\n# This output is used by Xcode 'outputs' to avoid re-running this script phase.\necho \"SUCCESS\" > \"${SCRIPT_OUTPUT_FILE_0}\"\n";
			showEnvVarsInLog = 0;
		};
		BA20A3847B21DADAA52C6983 /* [CP] Embed Pods Frameworks */ = {
			isa = PBXShellScriptBuildPhase;
			buildActionMask = 2147483647;
			files = (
			);
			inputPaths = (
				"${SRCROOT}/Pods/Target Support Files/Pods-Musicdata/Pods-Musicdata-frameworks.sh",
				"${BUILT_PRODUCTS_DIR}/Alamofire/Alamofire.framework",
				"${BUILT_PRODUCTS_DIR}/AlamofireImage/AlamofireImage.framework",
				"${BUILT_PRODUCTS_DIR}/SwiftyJSON/SwiftyJSON.framework",
			);
			name = "[CP] Embed Pods Frameworks";
			outputPaths = (
				"${TARGET_BUILD_DIR}/${FRAMEWORKS_FOLDER_PATH}/Alamofire.framework",
				"${TARGET_BUILD_DIR}/${FRAMEWORKS_FOLDER_PATH}/AlamofireImage.framework",
				"${TARGET_BUILD_DIR}/${FRAMEWORKS_FOLDER_PATH}/SwiftyJSON.framework",
			);
			runOnlyForDeploymentPostprocessing = 0;
			shellPath = /bin/sh;
			shellScript = "\"${SRCROOT}/Pods/Target Support Files/Pods-Musicdata/Pods-Musicdata-frameworks.sh\"\n";
			showEnvVarsInLog = 0;
		};
/* End PBXShellScriptBuildPhase section */

/* Begin PBXSourcesBuildPhase section */
		B71D5595204F322A0095A048 /* Sources */ = {
			isa = PBXSourcesBuildPhase;
			buildActionMask = 2147483647;
			files = (
				B71D55A5204F322A0095A048 /* Musicdata.xcdatamodeld in Sources */,
				B71D55B6204F39070095A048 /* TableViewCell.swift in Sources */,
				B71D559F204F322A0095A048 /* ViewController.swift in Sources */,
				B71D559D204F322A0095A048 /* AppDelegate.swift in Sources */,
				B71D55BA204F66F10095A048 /* DetailsVC.swift in Sources */,
			);
			runOnlyForDeploymentPostprocessing = 0;
		};
/* End PBXSourcesBuildPhase section */

/* Begin PBXVariantGroup section */
		B71D55A0204F322A0095A048 /* Main.storyboard */ = {
			isa = PBXVariantGroup;
			children = (
				B71D55A1204F322A0095A048 /* Base */,
			);
			name = Main.storyboard;
			sourceTree = "<group>";
		};
		B71D55A8204F322A0095A048 /* LaunchScreen.storyboard */ = {
			isa = PBXVariantGroup;
			children = (
				B71D55A9204F322A0095A048 /* Base */,
			);
			name = LaunchScreen.storyboard;
			sourceTree = "<group>";
		};
/* End PBXVariantGroup section */

/* Begin XCBuildConfiguration section */
		B71D55AC204F322A0095A048 /* Debug */ = {
			isa = XCBuildConfiguration;
			buildSettings = {
				ALWAYS_SEARCH_USER_PATHS = NO;
				CLANG_ANALYZER_NONNULL = YES;
				CLANG_ANALYZER_NUMBER_OBJECT_CONVERSION = YES_AGGRESSIVE;
				CLANG_CXX_LANGUAGE_STANDARD = "gnu++14";
				CLANG_CXX_LIBRARY = "libc++";
				CLANG_ENABLE_MODULES = YES;
				CLANG_ENABLE_OBJC_ARC = YES;
				CLANG_WARN_BLOCK_CAPTURE_AUTORELEASING = YES;
				CLANG_WARN_BOOL_CONVERSION = YES;
				CLANG_WARN_COMMA = YES;
				CLANG_WARN_CONSTANT_CONVERSION = YES;
				CLANG_WARN_DIRECT_OBJC_ISA_USAGE = YES_ERROR;
				CLANG_WARN_DOCUMENTATION_COMMENTS = YES;
				CLANG_WARN_EMPTY_BODY = YES;
				CLANG_WARN_ENUM_CONVERSION = YES;
				CLANG_WARN_INFINITE_RECURSION = YES;
				CLANG_WARN_INT_CONVERSION = YES;
				CLANG_WARN_NON_LITERAL_NULL_CONVERSION = YES;
				CLANG_WARN_OBJC_LITERAL_CONVERSION = YES;
				CLANG_WARN_OBJC_ROOT_CLASS = YES_ERROR;
				CLANG_WARN_RANGE_LOOP_ANALYSIS = YES;
				CLANG_WARN_STRICT_PROTOTYPES = YES;
				CLANG_WARN_SUSPICIOUS_MOVE = YES;
				CLANG_WARN_UNGUARDED_AVAILABILITY = YES_AGGRESSIVE;
				CLANG_WARN_UNREACHABLE_CODE = YES;
				CLANG_WARN__DUPLICATE_METHOD_MATCH = YES;
				CODE_SIGN_IDENTITY = "iPhone Developer";
				COPY_PHASE_STRIP = NO;
				DEBUG_INFORMATION_FORMAT = dwarf;
				ENABLE_STRICT_OBJC_MSGSEND = YES;
				ENABLE_TESTABILITY = YES;
				GCC_C_LANGUAGE_STANDARD = gnu11;
				GCC_DYNAMIC_NO_PIC = NO;
				GCC_NO_COMMON_BLOCKS = YES;
				GCC_OPTIMIZATION_LEVEL = 0;
				GCC_PREPROCESSOR_DEFINITIONS = (
					"DEBUG=1",
					"$(inherited)",
				);
				GCC_WARN_64_TO_32_BIT_CONVERSION = YES;
				GCC_WARN_ABOUT_RETURN_TYPE = YES_ERROR;
				GCC_WARN_UNDECLARED_SELECTOR = YES;
				GCC_WARN_UNINITIALIZED_AUTOS = YES_AGGRESSIVE;
				GCC_WARN_UNUSED_FUNCTION = YES;
				GCC_WARN_UNUSED_VARIABLE = YES;
				IPHONEOS_DEPLOYMENT_TARGET = 11.0;
				MTL_ENABLE_DEBUG_INFO = YES;
				ONLY_ACTIVE_ARCH = YES;
				SDKROOT = iphoneos;
				SWIFT_ACTIVE_COMPILATION_CONDITIONS = DEBUG;
				SWIFT_OPTIMIZATION_LEVEL = "-Onone";
			};
			name = Debug;
		};
		B71D55AD204F322A0095A048 /* Release */ = {
			isa = XCBuildConfiguration;
			buildSettings = {
				ALWAYS_SEARCH_USER_PATHS = NO;
				CLANG_ANALYZER_NONNULL = YES;
				CLANG_ANALYZER_NUMBER_OBJECT_CONVERSION = YES_AGGRESSIVE;
				CLANG_CXX_LANGUAGE_STANDARD = "gnu++14";
				CLANG_CXX_LIBRARY = "libc++";
				CLANG_ENABLE_MODULES = YES;
				CLANG_ENABLE_OBJC_ARC = YES;
				CLANG_WARN_BLOCK_CAPTURE_AUTORELEASING = YES;
				CLANG_WARN_BOOL_CONVERSION = YES;
				CLANG_WARN_COMMA = YES;
				CLANG_WARN_CONSTANT_CONVERSION = YES;
				CLANG_WARN_DIRECT_OBJC_ISA_USAGE = YES_ERROR;
				CLANG_WARN_DOCUMENTATION_COMMENTS = YES;
				CLANG_WARN_EMPTY_BODY = YES;
				CLANG_WARN_ENUM_CONVERSION = YES;
				CLANG_WARN_INFINITE_RECURSION = YES;
				CLANG_WARN_INT_CONVERSION = YES;
				CLANG_WARN_NON_LITERAL_NULL_CONVERSION = YES;
				CLANG_WARN_OBJC_LITERAL_CONVERSION = YES;
				CLANG_WARN_OBJC_ROOT_CLASS = YES_ERROR;
				CLANG_WARN_RANGE_LOOP_ANALYSIS = YES;
				CLANG_WARN_STRICT_PROTOTYPES = YES;
				CLANG_WARN_SUSPICIOUS_MOVE = YES;
				CLANG_WARN_UNGUARDED_AVAILABILITY = YES_AGGRESSIVE;
				CLANG_WARN_UNREACHABLE_CODE = YES;
				CLANG_WARN__DUPLICATE_METHOD_MATCH = YES;
				CODE_SIGN_IDENTITY = "iPhone Developer";
				COPY_PHASE_STRIP = NO;
				DEBUG_INFORMATION_FORMAT = "dwarf-with-dsym";
				ENABLE_NS_ASSERTIONS = NO;
				ENABLE_STRICT_OBJC_MSGSEND = YES;
				GCC_C_LANGUAGE_STANDARD = gnu11;
				GCC_NO_COMMON_BLOCKS = YES;
				GCC_WARN_64_TO_32_BIT_CONVERSION = YES;
				GCC_WARN_ABOUT_RETURN_TYPE = YES_ERROR;
				GCC_WARN_UNDECLARED_SELECTOR = YES;
				GCC_WARN_UNINITIALIZED_AUTOS = YES_AGGRESSIVE;
				GCC_WARN_UNUSED_FUNCTION = YES;
				GCC_WARN_UNUSED_VARIABLE = YES;
				IPHONEOS_DEPLOYMENT_TARGET = 11.0;
				MTL_ENABLE_DEBUG_INFO = NO;
				SDKROOT = iphoneos;
				SWIFT_OPTIMIZATION_LEVEL = "-Owholemodule";
				VALIDATE_PRODUCT = YES;
			};
			name = Release;
		};
		B71D55AF204F322A0095A048 /* Debug */ = {
			isa = XCBuildConfiguration;
			baseConfigurationReference = C7F00E271BEE67CFA750E365 /* Pods-Musicdata.debug.xcconfig */;
			buildSettings = {
				ASSETCATALOG_COMPILER_APPICON_NAME = AppIcon;
				CODE_SIGN_STYLE = Automatic;
				DEVELOPMENT_TEAM = "";
				INFOPLIST_FILE = Musicdata/Info.plist;
				IPHONEOS_DEPLOYMENT_TARGET = 11.0;
				LD_RUNPATH_SEARCH_PATHS = "$(inherited) @executable_path/Frameworks";
				PRODUCT_BUNDLE_IDENTIFIER = com.Teja.Musicdata;
				PRODUCT_NAME = "$(TARGET_NAME)";
				SWIFT_VERSION = 4.0;
				TARGETED_DEVICE_FAMILY = "1,2";
			};
			name = Debug;
		};
		B71D55B0204F322A0095A048 /* Release */ = {
			isa = XCBuildConfiguration;
			baseConfigurationReference = 66E0C9837081C26CBFB78F81 /* Pods-Musicdata.release.xcconfig */;
			buildSettings = {
				ASSETCATALOG_COMPILER_APPICON_NAME = AppIcon;
				CODE_SIGN_STYLE = Automatic;
				DEVELOPMENT_TEAM = "";
				INFOPLIST_FILE = Musicdata/Info.plist;
				IPHONEOS_DEPLOYMENT_TARGET = 11.0;
				LD_RUNPATH_SEARCH_PATHS = "$(inherited) @executable_path/Frameworks";
				PRODUCT_BUNDLE_IDENTIFIER = com.Teja.Musicdata;
				PRODUCT_NAME = "$(TARGET_NAME)";
				SWIFT_VERSION = 4.0;
				TARGETED_DEVICE_FAMILY = "1,2";
			};
			name = Release;
		};
/* End XCBuildConfiguration section */

/* Begin XCConfigurationList section */
		B71D5594204F322A0095A048 /* Build configuration list for PBXProject "Musicdata" */ = {
			isa = XCConfigurationList;
			buildConfigurations = (
				B71D55AC204F322A0095A048 /* Debug */,
				B71D55AD204F322A0095A048 /* Release */,
			);
			defaultConfigurationIsVisible = 0;
			defaultConfigurationName = Release;
		};
		B71D55AE204F322A0095A048 /* Build configuration list for PBXNativeTarget "Musicdata" */ = {
			isa = XCConfigurationList;
			buildConfigurations = (
				B71D55AF204F322A0095A048 /* Debug */,
				B71D55B0204F322A0095A048 /* Release */,
			);
			defaultConfigurationIsVisible = 0;
			defaultConfigurationName = Release;
		};
/* End XCConfigurationList section */

/* Begin XCVersionGroup section */
		B71D55A3204F322A0095A048 /* Musicdata.xcdatamodeld */ = {
			isa = XCVersionGroup;
			children = (
				B71D55A4204F322A0095A048 /* Musicdata.xcdatamodel */,
			);
			currentVersion = B71D55A4204F322A0095A048 /* Musicdata.xcdatamodel */;
			path = Musicdata.xcdatamodeld;
			sourceTree = "<group>";
			versionGroupType = wrapper.xcdatamodel;
		};
/* End XCVersionGroup section */
	};
	rootObject = B71D5591204F322A0095A048 /* Project object */;
}
